// !$*UTF8*$!
{
	archiveVersion = 1;
	classes = {
	};
	objectVersion = 46;
	objects = {

/* Begin PBXBuildFile section */
		2134F8131575631F001D71B1 /* SNFormPhotoFieldElement.m in Sources */ = {isa = PBXBuildFile; fileRef = 2134F8121575631F001D71B1 /* SNFormPhotoFieldElement.m */; };
		2134F81715756356001D71B1 /* SNFormChoiceFieldElement.m in Sources */ = {isa = PBXBuildFile; fileRef = 2134F81615756356001D71B1 /* SNFormChoiceFieldElement.m */; };
		21534837157944C9003C9B2F /* SNClassificationSetEditViewController.m in Sources */ = {isa = PBXBuildFile; fileRef = 21534835157944C9003C9B2F /* SNClassificationSetEditViewController.m */; };
		21534838157944C9003C9B2F /* SNClassificationSetEditViewController.xib in Resources */ = {isa = PBXBuildFile; fileRef = 21534836157944C9003C9B2F /* SNClassificationSetEditViewController.xib */; };
		2153483D157CF5D8003C9B2F /* SNClassificationSetItemEditViewController.m in Sources */ = {isa = PBXBuildFile; fileRef = 2153483B157CF5D8003C9B2F /* SNClassificationSetItemEditViewController.m */; };
		2153483E157CF5D8003C9B2F /* SNClassificationSetItemEditViewController.xib in Resources */ = {isa = PBXBuildFile; fileRef = 2153483C157CF5D8003C9B2F /* SNClassificationSetItemEditViewController.xib */; };
		21534854157E4D72003C9B2F /* SNFormViewController.m in Sources */ = {isa = PBXBuildFile; fileRef = 21534852157E4D72003C9B2F /* SNFormViewController.m */; };
		21534855157E4D72003C9B2F /* SNFormViewController.xib in Resources */ = {isa = PBXBuildFile; fileRef = 21534853157E4D72003C9B2F /* SNFormViewController.xib */; };
		21534859157E78AE003C9B2F /* SNFormSectionViewController.m in Sources */ = {isa = PBXBuildFile; fileRef = 21534857157E78AE003C9B2F /* SNFormSectionViewController.m */; };
		2153485A157E78AE003C9B2F /* SNFormSectionViewController.xib in Resources */ = {isa = PBXBuildFile; fileRef = 21534858157E78AE003C9B2F /* SNFormSectionViewController.xib */; };
		21B9C531157571A6000DFFAF /* SNFormClassificationFieldElement.m in Sources */ = {isa = PBXBuildFile; fileRef = 21B9C530157571A6000DFFAF /* SNFormClassificationFieldElement.m */; };
		21B9C53715757277000DFFAF /* SNClassificationSet.m in Sources */ = {isa = PBXBuildFile; fileRef = 21B9C53615757277000DFFAF /* SNClassificationSet.m */; };
		21B9C53A157575DE000DFFAF /* SNClassificationSetItem.m in Sources */ = {isa = PBXBuildFile; fileRef = 21B9C539157575DE000DFFAF /* SNClassificationSetItem.m */; };
		21B9C53D15757F32000DFFAF /* SNChoiceList.m in Sources */ = {isa = PBXBuildFile; fileRef = 21B9C53C15757F32000DFFAF /* SNChoiceList.m */; };
		21B9C54015758079000DFFAF /* SNChoiceListItem.m in Sources */ = {isa = PBXBuildFile; fileRef = 21B9C53F15758079000DFFAF /* SNChoiceListItem.m */; };
		21B9C54415765BC2000DFFAF /* SNClassificationSetAPI.m in Sources */ = {isa = PBXBuildFile; fileRef = 21B9C54315765BC2000DFFAF /* SNClassificationSetAPI.m */; };
		21B9C54715765BCE000DFFAF /* SNChoiceListAPI.m in Sources */ = {isa = PBXBuildFile; fileRef = 21B9C54615765BCE000DFFAF /* SNChoiceListAPI.m */; };
		21B9C54F1576A486000DFFAF /* SNFormsViewController.m in Sources */ = {isa = PBXBuildFile; fileRef = 21B9C54D1576A486000DFFAF /* SNFormsViewController.m */; };
		21B9C5501576A486000DFFAF /* SNFormsViewController.xib in Resources */ = {isa = PBXBuildFile; fileRef = 21B9C54E1576A486000DFFAF /* SNFormsViewController.xib */; };
		21B9C5531576A74D000DFFAF /* 255-box.png in Resources */ = {isa = PBXBuildFile; fileRef = 21B9C5511576A74D000DFFAF /* 255-box.png */; };
		21B9C5541576A74D000DFFAF /* 255-box@2x.png in Resources */ = {isa = PBXBuildFile; fileRef = 21B9C5521576A74D000DFFAF /* 255-box@2x.png */; };
		21B9C5591576A8C8000DFFAF /* SNClassificationSetsViewController.m in Sources */ = {isa = PBXBuildFile; fileRef = 21B9C5571576A8C8000DFFAF /* SNClassificationSetsViewController.m */; };
		21B9C55A1576A8C8000DFFAF /* SNClassificationSetsViewController.xib in Resources */ = {isa = PBXBuildFile; fileRef = 21B9C5581576A8C8000DFFAF /* SNClassificationSetsViewController.xib */; };
		21B9C55E1576A8D5000DFFAF /* SNChoiceListsViewController.m in Sources */ = {isa = PBXBuildFile; fileRef = 21B9C55C1576A8D5000DFFAF /* SNChoiceListsViewController.m */; };
		21B9C55F1576A8D5000DFFAF /* SNChoiceListsViewController.xib in Resources */ = {isa = PBXBuildFile; fileRef = 21B9C55D1576A8D5000DFFAF /* SNChoiceListsViewController.xib */; };
		21B9C5621576AA58000DFFAF /* 259-list.png in Resources */ = {isa = PBXBuildFile; fileRef = 21B9C5601576AA58000DFFAF /* 259-list.png */; };
		21B9C5631576AA58000DFFAF /* 259-list@2x.png in Resources */ = {isa = PBXBuildFile; fileRef = 21B9C5611576AA58000DFFAF /* 259-list@2x.png */; };
		21B9C5661576AAC8000DFFAF /* 15-tags.png in Resources */ = {isa = PBXBuildFile; fileRef = 21B9C5641576AAC8000DFFAF /* 15-tags.png */; };
		21B9C5671576AAC8000DFFAF /* 15-tags@2x.png in Resources */ = {isa = PBXBuildFile; fileRef = 21B9C5651576AAC8000DFFAF /* 15-tags@2x.png */; };
		21B9C5731576B745000DFFAF /* LICENSE in Resources */ = {isa = PBXBuildFile; fileRef = 21B9C5691576B745000DFFAF /* LICENSE */; };
		21B9C5741576B745000DFFAF /* Readme.markdown in Resources */ = {isa = PBXBuildFile; fileRef = 21B9C56A1576B745000DFFAF /* Readme.markdown */; };
		21B9C5751576B745000DFFAF /* SSPullToRefresh.podspec in Resources */ = {isa = PBXBuildFile; fileRef = 21B9C56C1576B745000DFFAF /* SSPullToRefresh.podspec */; };
		21B9C5761576B745000DFFAF /* SSPullToRefreshDefaultContentView.m in Sources */ = {isa = PBXBuildFile; fileRef = 21B9C56E1576B745000DFFAF /* SSPullToRefreshDefaultContentView.m */; settings = {COMPILER_FLAGS = "-fobjc-arc"; }; };
		21B9C5771576B745000DFFAF /* SSPullToRefreshSimpleContentView.m in Sources */ = {isa = PBXBuildFile; fileRef = 21B9C5701576B745000DFFAF /* SSPullToRefreshSimpleContentView.m */; settings = {COMPILER_FLAGS = "-fobjc-arc"; }; };
		21B9C5781576B745000DFFAF /* SSPullToRefreshView.m in Sources */ = {isa = PBXBuildFile; fileRef = 21B9C5721576B745000DFFAF /* SSPullToRefreshView.m */; settings = {COMPILER_FLAGS = "-fobjc-arc"; }; };
		21B9C57A1576BB9D000DFFAF /* README.md in Resources */ = {isa = PBXBuildFile; fileRef = 21B9C5791576BB9D000DFFAF /* README.md */; };
		21B9C5811577B264000DFFAF /* SNChoiceListEditViewController.m in Sources */ = {isa = PBXBuildFile; fileRef = 21B9C57F1577B264000DFFAF /* SNChoiceListEditViewController.m */; };
		21B9C5821577B264000DFFAF /* SNChoiceListEditViewController.xib in Resources */ = {isa = PBXBuildFile; fileRef = 21B9C5801577B264000DFFAF /* SNChoiceListEditViewController.xib */; };
		21B9C586157803AA000DFFAF /* SNChoiceListItemViewController.m in Sources */ = {isa = PBXBuildFile; fileRef = 21B9C584157803AA000DFFAF /* SNChoiceListItemViewController.m */; };
		21B9C587157803AB000DFFAF /* SNChoiceListItemViewController.xib in Resources */ = {isa = PBXBuildFile; fileRef = 21B9C585157803AA000DFFAF /* SNChoiceListItemViewController.xib */; };
		21F40966156FC9350012A1F1 /* UIKit.framework in Frameworks */ = {isa = PBXBuildFile; fileRef = 21F40965156FC9350012A1F1 /* UIKit.framework */; };
		21F40968156FC9350012A1F1 /* Foundation.framework in Frameworks */ = {isa = PBXBuildFile; fileRef = 21F40967156FC9350012A1F1 /* Foundation.framework */; };
		21F4096A156FC9350012A1F1 /* CoreGraphics.framework in Frameworks */ = {isa = PBXBuildFile; fileRef = 21F40969156FC9350012A1F1 /* CoreGraphics.framework */; };
		21F40970156FC9350012A1F1 /* InfoPlist.strings in Resources */ = {isa = PBXBuildFile; fileRef = 21F4096E156FC9350012A1F1 /* InfoPlist.strings */; };
		21F40972156FC9350012A1F1 /* main.m in Sources */ = {isa = PBXBuildFile; fileRef = 21F40971156FC9350012A1F1 /* main.m */; };
		21F40976156FC9350012A1F1 /* SNAppDelegate.m in Sources */ = {isa = PBXBuildFile; fileRef = 21F40975156FC9350012A1F1 /* SNAppDelegate.m */; };
		21F40979156FC9350012A1F1 /* SNMasterViewController.m in Sources */ = {isa = PBXBuildFile; fileRef = 21F40978156FC9350012A1F1 /* SNMasterViewController.m */; };
		21F4097C156FC9350012A1F1 /* SNDetailViewController.m in Sources */ = {isa = PBXBuildFile; fileRef = 21F4097B156FC9350012A1F1 /* SNDetailViewController.m */; };
		21F4097F156FC9350012A1F1 /* SNMasterViewController_iPhone.xib in Resources */ = {isa = PBXBuildFile; fileRef = 21F4097D156FC9350012A1F1 /* SNMasterViewController_iPhone.xib */; };
		21F40982156FC9350012A1F1 /* SNMasterViewController_iPad.xib in Resources */ = {isa = PBXBuildFile; fileRef = 21F40980156FC9350012A1F1 /* SNMasterViewController_iPad.xib */; };
		21F40985156FC9350012A1F1 /* SNDetailViewController_iPhone.xib in Resources */ = {isa = PBXBuildFile; fileRef = 21F40983156FC9350012A1F1 /* SNDetailViewController_iPhone.xib */; };
		21F40988156FC9350012A1F1 /* SNDetailViewController_iPad.xib in Resources */ = {isa = PBXBuildFile; fileRef = 21F40986156FC9350012A1F1 /* SNDetailViewController_iPad.xib */; };
		21F40990156FC9360012A1F1 /* SenTestingKit.framework in Frameworks */ = {isa = PBXBuildFile; fileRef = 21F4098F156FC9360012A1F1 /* SenTestingKit.framework */; };
		21F40991156FC9360012A1F1 /* UIKit.framework in Frameworks */ = {isa = PBXBuildFile; fileRef = 21F40965156FC9350012A1F1 /* UIKit.framework */; };
		21F40992156FC9360012A1F1 /* Foundation.framework in Frameworks */ = {isa = PBXBuildFile; fileRef = 21F40967156FC9350012A1F1 /* Foundation.framework */; };
		21F4099A156FC9360012A1F1 /* InfoPlist.strings in Resources */ = {isa = PBXBuildFile; fileRef = 21F40998156FC9360012A1F1 /* InfoPlist.strings */; };
		21F4099D156FC9360012A1F1 /* FulcrumAPITestTests.m in Sources */ = {isa = PBXBuildFile; fileRef = 21F4099C156FC9360012A1F1 /* FulcrumAPITestTests.m */; };
		21F409BC156FC97A0012A1F1 /* AFHTTPClient.m in Sources */ = {isa = PBXBuildFile; fileRef = 21F409A8156FC97A0012A1F1 /* AFHTTPClient.m */; };
		21F409BD156FC97A0012A1F1 /* AFHTTPClient.m in Sources */ = {isa = PBXBuildFile; fileRef = 21F409A8156FC97A0012A1F1 /* AFHTTPClient.m */; };
		21F409BE156FC97A0012A1F1 /* AFHTTPRequestOperation.m in Sources */ = {isa = PBXBuildFile; fileRef = 21F409AA156FC97A0012A1F1 /* AFHTTPRequestOperation.m */; };
		21F409BF156FC97A0012A1F1 /* AFHTTPRequestOperation.m in Sources */ = {isa = PBXBuildFile; fileRef = 21F409AA156FC97A0012A1F1 /* AFHTTPRequestOperation.m */; };
		21F409C0156FC97A0012A1F1 /* AFImageRequestOperation.m in Sources */ = {isa = PBXBuildFile; fileRef = 21F409AC156FC97A0012A1F1 /* AFImageRequestOperation.m */; };
		21F409C1156FC97A0012A1F1 /* AFImageRequestOperation.m in Sources */ = {isa = PBXBuildFile; fileRef = 21F409AC156FC97A0012A1F1 /* AFImageRequestOperation.m */; };
		21F409C2156FC97A0012A1F1 /* AFJSONRequestOperation.m in Sources */ = {isa = PBXBuildFile; fileRef = 21F409AE156FC97A0012A1F1 /* AFJSONRequestOperation.m */; };
		21F409C3156FC97A0012A1F1 /* AFJSONRequestOperation.m in Sources */ = {isa = PBXBuildFile; fileRef = 21F409AE156FC97A0012A1F1 /* AFJSONRequestOperation.m */; };
		21F409C4156FC97A0012A1F1 /* AFJSONUtilities.m in Sources */ = {isa = PBXBuildFile; fileRef = 21F409B0156FC97A0012A1F1 /* AFJSONUtilities.m */; };
		21F409C5156FC97A0012A1F1 /* AFJSONUtilities.m in Sources */ = {isa = PBXBuildFile; fileRef = 21F409B0156FC97A0012A1F1 /* AFJSONUtilities.m */; };
		21F409C6156FC97A0012A1F1 /* AFNetworkActivityIndicatorManager.m in Sources */ = {isa = PBXBuildFile; fileRef = 21F409B2156FC97A0012A1F1 /* AFNetworkActivityIndicatorManager.m */; };
		21F409C7156FC97A0012A1F1 /* AFNetworkActivityIndicatorManager.m in Sources */ = {isa = PBXBuildFile; fileRef = 21F409B2156FC97A0012A1F1 /* AFNetworkActivityIndicatorManager.m */; };
		21F409C8156FC97A0012A1F1 /* AFPropertyListRequestOperation.m in Sources */ = {isa = PBXBuildFile; fileRef = 21F409B5156FC97A0012A1F1 /* AFPropertyListRequestOperation.m */; };
		21F409C9156FC97A0012A1F1 /* AFPropertyListRequestOperation.m in Sources */ = {isa = PBXBuildFile; fileRef = 21F409B5156FC97A0012A1F1 /* AFPropertyListRequestOperation.m */; };
		21F409CA156FC97A0012A1F1 /* AFURLConnectionOperation.m in Sources */ = {isa = PBXBuildFile; fileRef = 21F409B7156FC97A0012A1F1 /* AFURLConnectionOperation.m */; };
		21F409CB156FC97A0012A1F1 /* AFURLConnectionOperation.m in Sources */ = {isa = PBXBuildFile; fileRef = 21F409B7156FC97A0012A1F1 /* AFURLConnectionOperation.m */; };
		21F409CC156FC97A0012A1F1 /* AFXMLRequestOperation.m in Sources */ = {isa = PBXBuildFile; fileRef = 21F409B9156FC97A0012A1F1 /* AFXMLRequestOperation.m */; };
		21F409CD156FC97A0012A1F1 /* AFXMLRequestOperation.m in Sources */ = {isa = PBXBuildFile; fileRef = 21F409B9156FC97A0012A1F1 /* AFXMLRequestOperation.m */; };
		21F409CE156FC97A0012A1F1 /* UIImageView+AFNetworking.m in Sources */ = {isa = PBXBuildFile; fileRef = 21F409BB156FC97A0012A1F1 /* UIImageView+AFNetworking.m */; };
		21F409CF156FC97A0012A1F1 /* UIImageView+AFNetworking.m in Sources */ = {isa = PBXBuildFile; fileRef = 21F409BB156FC97A0012A1F1 /* UIImageView+AFNetworking.m */; };
		21F409D3156FCC6D0012A1F1 /* SNFulcrumAPIClient.m in Sources */ = {isa = PBXBuildFile; fileRef = 21F409D2156FCC6D0012A1F1 /* SNFulcrumAPIClient.m */; };
		21F409D4156FCC6D0012A1F1 /* SNFulcrumAPIClient.m in Sources */ = {isa = PBXBuildFile; fileRef = 21F409D2156FCC6D0012A1F1 /* SNFulcrumAPIClient.m */; };
		21F409D7156FD3160012A1F1 /* SNFormAPI.m in Sources */ = {isa = PBXBuildFile; fileRef = 21F409D6156FD3160012A1F1 /* SNFormAPI.m */; };
		21F409D8156FD3160012A1F1 /* SNFormAPI.m in Sources */ = {isa = PBXBuildFile; fileRef = 21F409D6156FD3160012A1F1 /* SNFormAPI.m */; };
		21F409DB156FD8730012A1F1 /* SNForm.m in Sources */ = {isa = PBXBuildFile; fileRef = 21F409DA156FD8730012A1F1 /* SNForm.m */; };
		21F409DC156FD8730012A1F1 /* SNForm.m in Sources */ = {isa = PBXBuildFile; fileRef = 21F409DA156FD8730012A1F1 /* SNForm.m */; };
		21F409F215702C6F0012A1F1 /* SNFormElement.m in Sources */ = {isa = PBXBuildFile; fileRef = 21F409F115702C6F0012A1F1 /* SNFormElement.m */; };
		21F409F315702C6F0012A1F1 /* SNFormElement.m in Sources */ = {isa = PBXBuildFile; fileRef = 21F409F115702C6F0012A1F1 /* SNFormElement.m */; };
		21F409F61570391B0012A1F1 /* SNFormSectionElement.m in Sources */ = {isa = PBXBuildFile; fileRef = 21F409F51570391B0012A1F1 /* SNFormSectionElement.m */; };
		21F409F71570391B0012A1F1 /* SNFormSectionElement.m in Sources */ = {isa = PBXBuildFile; fileRef = 21F409F51570391B0012A1F1 /* SNFormSectionElement.m */; };
		21F409FA1575411A0012A1F1 /* SNFormTextFieldElement.m in Sources */ = {isa = PBXBuildFile; fileRef = 21F409F91575411A0012A1F1 /* SNFormTextFieldElement.m */; };
		21F409FB1575411A0012A1F1 /* SNFormTextFieldElement.m in Sources */ = {isa = PBXBuildFile; fileRef = 21F409F91575411A0012A1F1 /* SNFormTextFieldElement.m */; };
/* End PBXBuildFile section */

/* Begin PBXContainerItemProxy section */
		21F40993156FC9360012A1F1 /* PBXContainerItemProxy */ = {
			isa = PBXContainerItemProxy;
			containerPortal = 21F40958156FC9350012A1F1 /* Project object */;
			proxyType = 1;
			remoteGlobalIDString = 21F40960156FC9350012A1F1;
			remoteInfo = FulcrumAPITest;
		};
/* End PBXContainerItemProxy section */

/* Begin PBXFileReference section */
		2134F8111575631F001D71B1 /* SNFormPhotoFieldElement.h */ = {isa = PBXFileReference; fileEncoding = 4; lastKnownFileType = sourcecode.c.h; path = SNFormPhotoFieldElement.h; sourceTree = "<group>"; };
		2134F8121575631F001D71B1 /* SNFormPhotoFieldElement.m */ = {isa = PBXFileReference; fileEncoding = 4; lastKnownFileType = sourcecode.c.objc; path = SNFormPhotoFieldElement.m; sourceTree = "<group>"; };
		2134F81515756356001D71B1 /* SNFormChoiceFieldElement.h */ = {isa = PBXFileReference; fileEncoding = 4; lastKnownFileType = sourcecode.c.h; path = SNFormChoiceFieldElement.h; sourceTree = "<group>"; };
		2134F81615756356001D71B1 /* SNFormChoiceFieldElement.m */ = {isa = PBXFileReference; fileEncoding = 4; lastKnownFileType = sourcecode.c.objc; path = SNFormChoiceFieldElement.m; sourceTree = "<group>"; };
		21534834157944C9003C9B2F /* SNClassificationSetEditViewController.h */ = {isa = PBXFileReference; fileEncoding = 4; lastKnownFileType = sourcecode.c.h; path = SNClassificationSetEditViewController.h; sourceTree = "<group>"; };
		21534835157944C9003C9B2F /* SNClassificationSetEditViewController.m */ = {isa = PBXFileReference; fileEncoding = 4; lastKnownFileType = sourcecode.c.objc; path = SNClassificationSetEditViewController.m; sourceTree = "<group>"; };
		21534836157944C9003C9B2F /* SNClassificationSetEditViewController.xib */ = {isa = PBXFileReference; fileEncoding = 4; lastKnownFileType = file.xib; path = SNClassificationSetEditViewController.xib; sourceTree = "<group>"; };
		2153483A157CF5D8003C9B2F /* SNClassificationSetItemEditViewController.h */ = {isa = PBXFileReference; fileEncoding = 4; lastKnownFileType = sourcecode.c.h; path = SNClassificationSetItemEditViewController.h; sourceTree = "<group>"; };
		2153483B157CF5D8003C9B2F /* SNClassificationSetItemEditViewController.m */ = {isa = PBXFileReference; fileEncoding = 4; lastKnownFileType = sourcecode.c.objc; path = SNClassificationSetItemEditViewController.m; sourceTree = "<group>"; };
		2153483C157CF5D8003C9B2F /* SNClassificationSetItemEditViewController.xib */ = {isa = PBXFileReference; fileEncoding = 4; lastKnownFileType = file.xib; path = SNClassificationSetItemEditViewController.xib; sourceTree = "<group>"; };
		21534851157E4D72003C9B2F /* SNFormViewController.h */ = {isa = PBXFileReference; fileEncoding = 4; lastKnownFileType = sourcecode.c.h; path = SNFormViewController.h; sourceTree = "<group>"; };
		21534852157E4D72003C9B2F /* SNFormViewController.m */ = {isa = PBXFileReference; fileEncoding = 4; lastKnownFileType = sourcecode.c.objc; path = SNFormViewController.m; sourceTree = "<group>"; };
		21534853157E4D72003C9B2F /* SNFormViewController.xib */ = {isa = PBXFileReference; fileEncoding = 4; lastKnownFileType = file.xib; path = SNFormViewController.xib; sourceTree = "<group>"; };
		21534856157E78AE003C9B2F /* SNFormSectionViewController.h */ = {isa = PBXFileReference; fileEncoding = 4; lastKnownFileType = sourcecode.c.h; path = SNFormSectionViewController.h; sourceTree = "<group>"; };
		21534857157E78AE003C9B2F /* SNFormSectionViewController.m */ = {isa = PBXFileReference; fileEncoding = 4; lastKnownFileType = sourcecode.c.objc; path = SNFormSectionViewController.m; sourceTree = "<group>"; };
		21534858157E78AE003C9B2F /* SNFormSectionViewController.xib */ = {isa = PBXFileReference; fileEncoding = 4; lastKnownFileType = file.xib; path = SNFormSectionViewController.xib; sourceTree = "<group>"; };
		21B9C52F157571A6000DFFAF /* SNFormClassificationFieldElement.h */ = {isa = PBXFileReference; fileEncoding = 4; lastKnownFileType = sourcecode.c.h; path = SNFormClassificationFieldElement.h; sourceTree = "<group>"; };
		21B9C530157571A6000DFFAF /* SNFormClassificationFieldElement.m */ = {isa = PBXFileReference; fileEncoding = 4; lastKnownFileType = sourcecode.c.objc; path = SNFormClassificationFieldElement.m; sourceTree = "<group>"; };
		21B9C53515757277000DFFAF /* SNClassificationSet.h */ = {isa = PBXFileReference; fileEncoding = 4; lastKnownFileType = sourcecode.c.h; path = SNClassificationSet.h; sourceTree = "<group>"; };
		21B9C53615757277000DFFAF /* SNClassificationSet.m */ = {isa = PBXFileReference; fileEncoding = 4; lastKnownFileType = sourcecode.c.objc; path = SNClassificationSet.m; sourceTree = "<group>"; };
		21B9C538157575DE000DFFAF /* SNClassificationSetItem.h */ = {isa = PBXFileReference; fileEncoding = 4; lastKnownFileType = sourcecode.c.h; path = SNClassificationSetItem.h; sourceTree = "<group>"; };
		21B9C539157575DE000DFFAF /* SNClassificationSetItem.m */ = {isa = PBXFileReference; fileEncoding = 4; lastKnownFileType = sourcecode.c.objc; path = SNClassificationSetItem.m; sourceTree = "<group>"; };
		21B9C53B15757F32000DFFAF /* SNChoiceList.h */ = {isa = PBXFileReference; fileEncoding = 4; lastKnownFileType = sourcecode.c.h; path = SNChoiceList.h; sourceTree = "<group>"; };
		21B9C53C15757F32000DFFAF /* SNChoiceList.m */ = {isa = PBXFileReference; fileEncoding = 4; lastKnownFileType = sourcecode.c.objc; path = SNChoiceList.m; sourceTree = "<group>"; };
		21B9C53E15758079000DFFAF /* SNChoiceListItem.h */ = {isa = PBXFileReference; fileEncoding = 4; lastKnownFileType = sourcecode.c.h; path = SNChoiceListItem.h; sourceTree = "<group>"; };
		21B9C53F15758079000DFFAF /* SNChoiceListItem.m */ = {isa = PBXFileReference; fileEncoding = 4; lastKnownFileType = sourcecode.c.objc; path = SNChoiceListItem.m; sourceTree = "<group>"; };
		21B9C54215765BC2000DFFAF /* SNClassificationSetAPI.h */ = {isa = PBXFileReference; fileEncoding = 4; lastKnownFileType = sourcecode.c.h; path = SNClassificationSetAPI.h; sourceTree = "<group>"; };
		21B9C54315765BC2000DFFAF /* SNClassificationSetAPI.m */ = {isa = PBXFileReference; fileEncoding = 4; lastKnownFileType = sourcecode.c.objc; path = SNClassificationSetAPI.m; sourceTree = "<group>"; };
		21B9C54515765BCE000DFFAF /* SNChoiceListAPI.h */ = {isa = PBXFileReference; fileEncoding = 4; lastKnownFileType = sourcecode.c.h; path = SNChoiceListAPI.h; sourceTree = "<group>"; };
		21B9C54615765BCE000DFFAF /* SNChoiceListAPI.m */ = {isa = PBXFileReference; fileEncoding = 4; lastKnownFileType = sourcecode.c.objc; path = SNChoiceListAPI.m; sourceTree = "<group>"; };
		21B9C54C1576A486000DFFAF /* SNFormsViewController.h */ = {isa = PBXFileReference; fileEncoding = 4; lastKnownFileType = sourcecode.c.h; path = SNFormsViewController.h; sourceTree = "<group>"; };
		21B9C54D1576A486000DFFAF /* SNFormsViewController.m */ = {isa = PBXFileReference; fileEncoding = 4; lastKnownFileType = sourcecode.c.objc; path = SNFormsViewController.m; sourceTree = "<group>"; };
		21B9C54E1576A486000DFFAF /* SNFormsViewController.xib */ = {isa = PBXFileReference; fileEncoding = 4; lastKnownFileType = file.xib; path = SNFormsViewController.xib; sourceTree = "<group>"; };
		21B9C5511576A74D000DFFAF /* 255-box.png */ = {isa = PBXFileReference; lastKnownFileType = image.png; path = "255-box.png"; sourceTree = "<group>"; };
		21B9C5521576A74D000DFFAF /* 255-box@2x.png */ = {isa = PBXFileReference; lastKnownFileType = image.png; path = "255-box@2x.png"; sourceTree = "<group>"; };
		21B9C5561576A8C8000DFFAF /* SNClassificationSetsViewController.h */ = {isa = PBXFileReference; fileEncoding = 4; lastKnownFileType = sourcecode.c.h; path = SNClassificationSetsViewController.h; sourceTree = "<group>"; };
		21B9C5571576A8C8000DFFAF /* SNClassificationSetsViewController.m */ = {isa = PBXFileReference; fileEncoding = 4; lastKnownFileType = sourcecode.c.objc; path = SNClassificationSetsViewController.m; sourceTree = "<group>"; };
		21B9C5581576A8C8000DFFAF /* SNClassificationSetsViewController.xib */ = {isa = PBXFileReference; fileEncoding = 4; lastKnownFileType = file.xib; path = SNClassificationSetsViewController.xib; sourceTree = "<group>"; };
		21B9C55B1576A8D5000DFFAF /* SNChoiceListsViewController.h */ = {isa = PBXFileReference; fileEncoding = 4; lastKnownFileType = sourcecode.c.h; path = SNChoiceListsViewController.h; sourceTree = "<group>"; };
		21B9C55C1576A8D5000DFFAF /* SNChoiceListsViewController.m */ = {isa = PBXFileReference; fileEncoding = 4; lastKnownFileType = sourcecode.c.objc; path = SNChoiceListsViewController.m; sourceTree = "<group>"; };
		21B9C55D1576A8D5000DFFAF /* SNChoiceListsViewController.xib */ = {isa = PBXFileReference; fileEncoding = 4; lastKnownFileType = file.xib; path = SNChoiceListsViewController.xib; sourceTree = "<group>"; };
		21B9C5601576AA58000DFFAF /* 259-list.png */ = {isa = PBXFileReference; lastKnownFileType = image.png; path = "259-list.png"; sourceTree = "<group>"; };
		21B9C5611576AA58000DFFAF /* 259-list@2x.png */ = {isa = PBXFileReference; lastKnownFileType = image.png; path = "259-list@2x.png"; sourceTree = "<group>"; };
		21B9C5641576AAC8000DFFAF /* 15-tags.png */ = {isa = PBXFileReference; lastKnownFileType = image.png; path = "15-tags.png"; sourceTree = "<group>"; };
		21B9C5651576AAC8000DFFAF /* 15-tags@2x.png */ = {isa = PBXFileReference; lastKnownFileType = image.png; path = "15-tags@2x.png"; sourceTree = "<group>"; };
		21B9C5691576B745000DFFAF /* LICENSE */ = {isa = PBXFileReference; fileEncoding = 4; lastKnownFileType = text; path = LICENSE; sourceTree = "<group>"; };
		21B9C56A1576B745000DFFAF /* Readme.markdown */ = {isa = PBXFileReference; fileEncoding = 4; lastKnownFileType = text; path = Readme.markdown; sourceTree = "<group>"; };
		21B9C56B1576B745000DFFAF /* SSPullToRefresh.h */ = {isa = PBXFileReference; fileEncoding = 4; lastKnownFileType = sourcecode.c.h; path = SSPullToRefresh.h; sourceTree = "<group>"; };
		21B9C56C1576B745000DFFAF /* SSPullToRefresh.podspec */ = {isa = PBXFileReference; fileEncoding = 4; lastKnownFileType = text; path = SSPullToRefresh.podspec; sourceTree = "<group>"; };
		21B9C56D1576B745000DFFAF /* SSPullToRefreshDefaultContentView.h */ = {isa = PBXFileReference; fileEncoding = 4; lastKnownFileType = sourcecode.c.h; path = SSPullToRefreshDefaultContentView.h; sourceTree = "<group>"; };
		21B9C56E1576B745000DFFAF /* SSPullToRefreshDefaultContentView.m */ = {isa = PBXFileReference; fileEncoding = 4; lastKnownFileType = sourcecode.c.objc; path = SSPullToRefreshDefaultContentView.m; sourceTree = "<group>"; };
		21B9C56F1576B745000DFFAF /* SSPullToRefreshSimpleContentView.h */ = {isa = PBXFileReference; fileEncoding = 4; lastKnownFileType = sourcecode.c.h; path = SSPullToRefreshSimpleContentView.h; sourceTree = "<group>"; };
		21B9C5701576B745000DFFAF /* SSPullToRefreshSimpleContentView.m */ = {isa = PBXFileReference; fileEncoding = 4; lastKnownFileType = sourcecode.c.objc; path = SSPullToRefreshSimpleContentView.m; sourceTree = "<group>"; };
		21B9C5711576B745000DFFAF /* SSPullToRefreshView.h */ = {isa = PBXFileReference; fileEncoding = 4; lastKnownFileType = sourcecode.c.h; path = SSPullToRefreshView.h; sourceTree = "<group>"; };
		21B9C5721576B745000DFFAF /* SSPullToRefreshView.m */ = {isa = PBXFileReference; fileEncoding = 4; lastKnownFileType = sourcecode.c.objc; path = SSPullToRefreshView.m; sourceTree = "<group>"; };
		21B9C5791576BB9D000DFFAF /* README.md */ = {isa = PBXFileReference; fileEncoding = 4; lastKnownFileType = text; path = README.md; sourceTree = "<group>"; };
		21B9C57E1577B264000DFFAF /* SNChoiceListEditViewController.h */ = {isa = PBXFileReference; fileEncoding = 4; lastKnownFileType = sourcecode.c.h; path = SNChoiceListEditViewController.h; sourceTree = "<group>"; };
		21B9C57F1577B264000DFFAF /* SNChoiceListEditViewController.m */ = {isa = PBXFileReference; fileEncoding = 4; lastKnownFileType = sourcecode.c.objc; path = SNChoiceListEditViewController.m; sourceTree = "<group>"; };
		21B9C5801577B264000DFFAF /* SNChoiceListEditViewController.xib */ = {isa = PBXFileReference; fileEncoding = 4; lastKnownFileType = file.xib; path = SNChoiceListEditViewController.xib; sourceTree = "<group>"; };
		21B9C583157803AA000DFFAF /* SNChoiceListItemViewController.h */ = {isa = PBXFileReference; fileEncoding = 4; lastKnownFileType = sourcecode.c.h; path = SNChoiceListItemViewController.h; sourceTree = SOURCE_ROOT; };
		21B9C584157803AA000DFFAF /* SNChoiceListItemViewController.m */ = {isa = PBXFileReference; fileEncoding = 4; lastKnownFileType = sourcecode.c.objc; path = SNChoiceListItemViewController.m; sourceTree = SOURCE_ROOT; };
		21B9C585157803AA000DFFAF /* SNChoiceListItemViewController.xib */ = {isa = PBXFileReference; fileEncoding = 4; lastKnownFileType = file.xib; path = SNChoiceListItemViewController.xib; sourceTree = SOURCE_ROOT; };
		21F40961156FC9350012A1F1 /* FulcrumAPIDemo.app */ = {isa = PBXFileReference; explicitFileType = wrapper.application; includeInIndex = 0; path = FulcrumAPIDemo.app; sourceTree = BUILT_PRODUCTS_DIR; };
		21F40965156FC9350012A1F1 /* UIKit.framework */ = {isa = PBXFileReference; lastKnownFileType = wrapper.framework; name = UIKit.framework; path = System/Library/Frameworks/UIKit.framework; sourceTree = SDKROOT; };
		21F40967156FC9350012A1F1 /* Foundation.framework */ = {isa = PBXFileReference; lastKnownFileType = wrapper.framework; name = Foundation.framework; path = System/Library/Frameworks/Foundation.framework; sourceTree = SDKROOT; };
		21F40969156FC9350012A1F1 /* CoreGraphics.framework */ = {isa = PBXFileReference; lastKnownFileType = wrapper.framework; name = CoreGraphics.framework; path = System/Library/Frameworks/CoreGraphics.framework; sourceTree = SDKROOT; };
		21F4096D156FC9350012A1F1 /* FulcrumAPIDemo-Info.plist */ = {isa = PBXFileReference; lastKnownFileType = text.plist.xml; path = "FulcrumAPIDemo-Info.plist"; sourceTree = "<group>"; };
		21F4096F156FC9350012A1F1 /* en */ = {isa = PBXFileReference; lastKnownFileType = text.plist.strings; name = en; path = en.lproj/InfoPlist.strings; sourceTree = "<group>"; };
		21F40971156FC9350012A1F1 /* main.m */ = {isa = PBXFileReference; lastKnownFileType = sourcecode.c.objc; path = main.m; sourceTree = "<group>"; };
		21F40973156FC9350012A1F1 /* FulcrumAPIDemo-Prefix.pch */ = {isa = PBXFileReference; lastKnownFileType = sourcecode.c.h; path = "FulcrumAPIDemo-Prefix.pch"; sourceTree = "<group>"; };
		21F40974156FC9350012A1F1 /* SNAppDelegate.h */ = {isa = PBXFileReference; lastKnownFileType = sourcecode.c.h; path = SNAppDelegate.h; sourceTree = "<group>"; };
		21F40975156FC9350012A1F1 /* SNAppDelegate.m */ = {isa = PBXFileReference; lastKnownFileType = sourcecode.c.objc; path = SNAppDelegate.m; sourceTree = "<group>"; };
		21F40977156FC9350012A1F1 /* SNMasterViewController.h */ = {isa = PBXFileReference; lastKnownFileType = sourcecode.c.h; path = SNMasterViewController.h; sourceTree = "<group>"; };
		21F40978156FC9350012A1F1 /* SNMasterViewController.m */ = {isa = PBXFileReference; lastKnownFileType = sourcecode.c.objc; path = SNMasterViewController.m; sourceTree = "<group>"; };
		21F4097A156FC9350012A1F1 /* SNDetailViewController.h */ = {isa = PBXFileReference; lastKnownFileType = sourcecode.c.h; path = SNDetailViewController.h; sourceTree = "<group>"; };
		21F4097B156FC9350012A1F1 /* SNDetailViewController.m */ = {isa = PBXFileReference; lastKnownFileType = sourcecode.c.objc; path = SNDetailViewController.m; sourceTree = "<group>"; };
		21F4097E156FC9350012A1F1 /* en */ = {isa = PBXFileReference; lastKnownFileType = file.xib; name = en; path = en.lproj/SNMasterViewController_iPhone.xib; sourceTree = "<group>"; };
		21F40981156FC9350012A1F1 /* en */ = {isa = PBXFileReference; lastKnownFileType = file.xib; name = en; path = en.lproj/SNMasterViewController_iPad.xib; sourceTree = "<group>"; };
		21F40984156FC9350012A1F1 /* en */ = {isa = PBXFileReference; lastKnownFileType = file.xib; name = en; path = en.lproj/SNDetailViewController_iPhone.xib; sourceTree = "<group>"; };
		21F40987156FC9350012A1F1 /* en */ = {isa = PBXFileReference; lastKnownFileType = file.xib; name = en; path = en.lproj/SNDetailViewController_iPad.xib; sourceTree = "<group>"; };
		21F4098E156FC9360012A1F1 /* FulcrumAPIDemoTests.octest */ = {isa = PBXFileReference; explicitFileType = wrapper.cfbundle; includeInIndex = 0; path = FulcrumAPIDemoTests.octest; sourceTree = BUILT_PRODUCTS_DIR; };
		21F4098F156FC9360012A1F1 /* SenTestingKit.framework */ = {isa = PBXFileReference; lastKnownFileType = wrapper.framework; name = SenTestingKit.framework; path = Library/Frameworks/SenTestingKit.framework; sourceTree = DEVELOPER_DIR; };
		21F40997156FC9360012A1F1 /* FulcrumAPIDemoTests-Info.plist */ = {isa = PBXFileReference; lastKnownFileType = text.plist.xml; path = "FulcrumAPIDemoTests-Info.plist"; sourceTree = "<group>"; };
		21F40999156FC9360012A1F1 /* en */ = {isa = PBXFileReference; lastKnownFileType = text.plist.strings; name = en; path = en.lproj/InfoPlist.strings; sourceTree = "<group>"; };
		21F4099B156FC9360012A1F1 /* FulcrumAPITestTests.h */ = {isa = PBXFileReference; lastKnownFileType = sourcecode.c.h; path = FulcrumAPITestTests.h; sourceTree = "<group>"; };
		21F4099C156FC9360012A1F1 /* FulcrumAPITestTests.m */ = {isa = PBXFileReference; lastKnownFileType = sourcecode.c.objc; path = FulcrumAPITestTests.m; sourceTree = "<group>"; };
		21F409A7156FC97A0012A1F1 /* AFHTTPClient.h */ = {isa = PBXFileReference; fileEncoding = 4; lastKnownFileType = sourcecode.c.h; path = AFHTTPClient.h; sourceTree = "<group>"; };
		21F409A8156FC97A0012A1F1 /* AFHTTPClient.m */ = {isa = PBXFileReference; fileEncoding = 4; lastKnownFileType = sourcecode.c.objc; path = AFHTTPClient.m; sourceTree = "<group>"; };
		21F409A9156FC97A0012A1F1 /* AFHTTPRequestOperation.h */ = {isa = PBXFileReference; fileEncoding = 4; lastKnownFileType = sourcecode.c.h; path = AFHTTPRequestOperation.h; sourceTree = "<group>"; };
		21F409AA156FC97A0012A1F1 /* AFHTTPRequestOperation.m */ = {isa = PBXFileReference; fileEncoding = 4; lastKnownFileType = sourcecode.c.objc; path = AFHTTPRequestOperation.m; sourceTree = "<group>"; };
		21F409AB156FC97A0012A1F1 /* AFImageRequestOperation.h */ = {isa = PBXFileReference; fileEncoding = 4; lastKnownFileType = sourcecode.c.h; path = AFImageRequestOperation.h; sourceTree = "<group>"; };
		21F409AC156FC97A0012A1F1 /* AFImageRequestOperation.m */ = {isa = PBXFileReference; fileEncoding = 4; lastKnownFileType = sourcecode.c.objc; path = AFImageRequestOperation.m; sourceTree = "<group>"; };
		21F409AD156FC97A0012A1F1 /* AFJSONRequestOperation.h */ = {isa = PBXFileReference; fileEncoding = 4; lastKnownFileType = sourcecode.c.h; path = AFJSONRequestOperation.h; sourceTree = "<group>"; };
		21F409AE156FC97A0012A1F1 /* AFJSONRequestOperation.m */ = {isa = PBXFileReference; fileEncoding = 4; lastKnownFileType = sourcecode.c.objc; path = AFJSONRequestOperation.m; sourceTree = "<group>"; };
		21F409AF156FC97A0012A1F1 /* AFJSONUtilities.h */ = {isa = PBXFileReference; fileEncoding = 4; lastKnownFileType = sourcecode.c.h; path = AFJSONUtilities.h; sourceTree = "<group>"; };
		21F409B0156FC97A0012A1F1 /* AFJSONUtilities.m */ = {isa = PBXFileReference; fileEncoding = 4; lastKnownFileType = sourcecode.c.objc; path = AFJSONUtilities.m; sourceTree = "<group>"; };
		21F409B1156FC97A0012A1F1 /* AFNetworkActivityIndicatorManager.h */ = {isa = PBXFileReference; fileEncoding = 4; lastKnownFileType = sourcecode.c.h; path = AFNetworkActivityIndicatorManager.h; sourceTree = "<group>"; };
		21F409B2156FC97A0012A1F1 /* AFNetworkActivityIndicatorManager.m */ = {isa = PBXFileReference; fileEncoding = 4; lastKnownFileType = sourcecode.c.objc; path = AFNetworkActivityIndicatorManager.m; sourceTree = "<group>"; };
		21F409B3156FC97A0012A1F1 /* AFNetworking.h */ = {isa = PBXFileReference; fileEncoding = 4; lastKnownFileType = sourcecode.c.h; path = AFNetworking.h; sourceTree = "<group>"; };
		21F409B4156FC97A0012A1F1 /* AFPropertyListRequestOperation.h */ = {isa = PBXFileReference; fileEncoding = 4; lastKnownFileType = sourcecode.c.h; path = AFPropertyListRequestOperation.h; sourceTree = "<group>"; };
		21F409B5156FC97A0012A1F1 /* AFPropertyListRequestOperation.m */ = {isa = PBXFileReference; fileEncoding = 4; lastKnownFileType = sourcecode.c.objc; path = AFPropertyListRequestOperation.m; sourceTree = "<group>"; };
		21F409B6156FC97A0012A1F1 /* AFURLConnectionOperation.h */ = {isa = PBXFileReference; fileEncoding = 4; lastKnownFileType = sourcecode.c.h; path = AFURLConnectionOperation.h; sourceTree = "<group>"; };
		21F409B7156FC97A0012A1F1 /* AFURLConnectionOperation.m */ = {isa = PBXFileReference; fileEncoding = 4; lastKnownFileType = sourcecode.c.objc; path = AFURLConnectionOperation.m; sourceTree = "<group>"; };
		21F409B8156FC97A0012A1F1 /* AFXMLRequestOperation.h */ = {isa = PBXFileReference; fileEncoding = 4; lastKnownFileType = sourcecode.c.h; path = AFXMLRequestOperation.h; sourceTree = "<group>"; };
		21F409B9156FC97A0012A1F1 /* AFXMLRequestOperation.m */ = {isa = PBXFileReference; fileEncoding = 4; lastKnownFileType = sourcecode.c.objc; path = AFXMLRequestOperation.m; sourceTree = "<group>"; };
		21F409BA156FC97A0012A1F1 /* UIImageView+AFNetworking.h */ = {isa = PBXFileReference; fileEncoding = 4; lastKnownFileType = sourcecode.c.h; path = "UIImageView+AFNetworking.h"; sourceTree = "<group>"; };
		21F409BB156FC97A0012A1F1 /* UIImageView+AFNetworking.m */ = {isa = PBXFileReference; fileEncoding = 4; lastKnownFileType = sourcecode.c.objc; path = "UIImageView+AFNetworking.m"; sourceTree = "<group>"; };
		21F409D1156FCC6D0012A1F1 /* SNFulcrumAPIClient.h */ = {isa = PBXFileReference; fileEncoding = 4; lastKnownFileType = sourcecode.c.h; path = SNFulcrumAPIClient.h; sourceTree = "<group>"; };
		21F409D2156FCC6D0012A1F1 /* SNFulcrumAPIClient.m */ = {isa = PBXFileReference; fileEncoding = 4; lastKnownFileType = sourcecode.c.objc; path = SNFulcrumAPIClient.m; sourceTree = "<group>"; };
		21F409D5156FD3160012A1F1 /* SNFormAPI.h */ = {isa = PBXFileReference; fileEncoding = 4; lastKnownFileType = sourcecode.c.h; path = SNFormAPI.h; sourceTree = "<group>"; };
		21F409D6156FD3160012A1F1 /* SNFormAPI.m */ = {isa = PBXFileReference; fileEncoding = 4; lastKnownFileType = sourcecode.c.objc; path = SNFormAPI.m; sourceTree = "<group>"; };
		21F409D9156FD8730012A1F1 /* SNForm.h */ = {isa = PBXFileReference; fileEncoding = 4; lastKnownFileType = sourcecode.c.h; path = SNForm.h; sourceTree = "<group>"; };
		21F409DA156FD8730012A1F1 /* SNForm.m */ = {isa = PBXFileReference; fileEncoding = 4; lastKnownFileType = sourcecode.c.objc; path = SNForm.m; sourceTree = "<group>"; };
		21F409F015702C6F0012A1F1 /* SNFormElement.h */ = {isa = PBXFileReference; fileEncoding = 4; lastKnownFileType = sourcecode.c.h; path = SNFormElement.h; sourceTree = "<group>"; };
		21F409F115702C6F0012A1F1 /* SNFormElement.m */ = {isa = PBXFileReference; fileEncoding = 4; lastKnownFileType = sourcecode.c.objc; path = SNFormElement.m; sourceTree = "<group>"; };
		21F409F41570391B0012A1F1 /* SNFormSectionElement.h */ = {isa = PBXFileReference; fileEncoding = 4; lastKnownFileType = sourcecode.c.h; path = SNFormSectionElement.h; sourceTree = "<group>"; };
		21F409F51570391B0012A1F1 /* SNFormSectionElement.m */ = {isa = PBXFileReference; fileEncoding = 4; lastKnownFileType = sourcecode.c.objc; path = SNFormSectionElement.m; sourceTree = "<group>"; };
		21F409F81575411A0012A1F1 /* SNFormTextFieldElement.h */ = {isa = PBXFileReference; fileEncoding = 4; lastKnownFileType = sourcecode.c.h; path = SNFormTextFieldElement.h; sourceTree = "<group>"; };
		21F409F91575411A0012A1F1 /* SNFormTextFieldElement.m */ = {isa = PBXFileReference; fileEncoding = 4; lastKnownFileType = sourcecode.c.objc; path = SNFormTextFieldElement.m; sourceTree = "<group>"; };
/* End PBXFileReference section */

/* Begin PBXFrameworksBuildPhase section */
		21F4095E156FC9350012A1F1 /* Frameworks */ = {
			isa = PBXFrameworksBuildPhase;
			buildActionMask = 2147483647;
			files = (
				21F40966156FC9350012A1F1 /* UIKit.framework in Frameworks */,
				21F40968156FC9350012A1F1 /* Foundation.framework in Frameworks */,
				21F4096A156FC9350012A1F1 /* CoreGraphics.framework in Frameworks */,
			);
			runOnlyForDeploymentPostprocessing = 0;
		};
		21F4098A156FC9360012A1F1 /* Frameworks */ = {
			isa = PBXFrameworksBuildPhase;
			buildActionMask = 2147483647;
			files = (
				21F40990156FC9360012A1F1 /* SenTestingKit.framework in Frameworks */,
				21F40991156FC9360012A1F1 /* UIKit.framework in Frameworks */,
				21F40992156FC9360012A1F1 /* Foundation.framework in Frameworks */,
			);
			runOnlyForDeploymentPostprocessing = 0;
		};
/* End PBXFrameworksBuildPhase section */

/* Begin PBXGroup section */
		21B9C52D15757160000DFFAF /* Forms */ = {
			isa = PBXGroup;
			children = (
				21F409D9156FD8730012A1F1 /* SNForm.h */,
				21F409DA156FD8730012A1F1 /* SNForm.m */,
				21F409F015702C6F0012A1F1 /* SNFormElement.h */,
				21F409F115702C6F0012A1F1 /* SNFormElement.m */,
				21F409F41570391B0012A1F1 /* SNFormSectionElement.h */,
				21F409F51570391B0012A1F1 /* SNFormSectionElement.m */,
				21F409F81575411A0012A1F1 /* SNFormTextFieldElement.h */,
				21F409F91575411A0012A1F1 /* SNFormTextFieldElement.m */,
				2134F8111575631F001D71B1 /* SNFormPhotoFieldElement.h */,
				2134F8121575631F001D71B1 /* SNFormPhotoFieldElement.m */,
				2134F81515756356001D71B1 /* SNFormChoiceFieldElement.h */,
				2134F81615756356001D71B1 /* SNFormChoiceFieldElement.m */,
				21B9C52F157571A6000DFFAF /* SNFormClassificationFieldElement.h */,
				21B9C530157571A6000DFFAF /* SNFormClassificationFieldElement.m */,
			);
			name = Forms;
			sourceTree = "<group>";
		};
		21B9C53215757217000DFFAF /* Classification Sets */ = {
			isa = PBXGroup;
			children = (
				21B9C53515757277000DFFAF /* SNClassificationSet.h */,
				21B9C53615757277000DFFAF /* SNClassificationSet.m */,
				21B9C538157575DE000DFFAF /* SNClassificationSetItem.h */,
				21B9C539157575DE000DFFAF /* SNClassificationSetItem.m */,
			);
			name = "Classification Sets";
			sourceTree = "<group>";
		};
		21B9C53315757237000DFFAF /* Choice Lists */ = {
			isa = PBXGroup;
			children = (
				21B9C53B15757F32000DFFAF /* SNChoiceList.h */,
				21B9C53C15757F32000DFFAF /* SNChoiceList.m */,
				21B9C53E15758079000DFFAF /* SNChoiceListItem.h */,
				21B9C53F15758079000DFFAF /* SNChoiceListItem.m */,
			);
			name = "Choice Lists";
			sourceTree = "<group>";
		};
		21B9C5341575723F000DFFAF /* Records */ = {
			isa = PBXGroup;
			children = (
			);
			name = Records;
			sourceTree = "<group>";
		};
		21B9C54115765B22000DFFAF /* API */ = {
			isa = PBXGroup;
			children = (
				21F409D1156FCC6D0012A1F1 /* SNFulcrumAPIClient.h */,
				21F409D2156FCC6D0012A1F1 /* SNFulcrumAPIClient.m */,
				21F409D5156FD3160012A1F1 /* SNFormAPI.h */,
				21F409D6156FD3160012A1F1 /* SNFormAPI.m */,
				21B9C54215765BC2000DFFAF /* SNClassificationSetAPI.h */,
				21B9C54315765BC2000DFFAF /* SNClassificationSetAPI.m */,
				21B9C54515765BCE000DFFAF /* SNChoiceListAPI.h */,
				21B9C54615765BCE000DFFAF /* SNChoiceListAPI.m */,
			);
			name = API;
			sourceTree = "<group>";
		};
		21B9C54B1576A46F000DFFAF /* View Controllers */ = {
			isa = PBXGroup;
			children = (
				21B9C57D1577B228000DFFAF /* Classification Sets */,
				21B9C57C1577B221000DFFAF /* Choice Lists */,
				21B9C57B1577B21B000DFFAF /* Forms */,
				21B9C5551576A756000DFFAF /* Images */,
			);
			name = "View Controllers";
			sourceTree = "<group>";
		};
		21B9C5551576A756000DFFAF /* Images */ = {
			isa = PBXGroup;
			children = (
				21B9C5641576AAC8000DFFAF /* 15-tags.png */,
				21B9C5651576AAC8000DFFAF /* 15-tags@2x.png */,
				21B9C5601576AA58000DFFAF /* 259-list.png */,
				21B9C5611576AA58000DFFAF /* 259-list@2x.png */,
				21B9C5511576A74D000DFFAF /* 255-box.png */,
				21B9C5521576A74D000DFFAF /* 255-box@2x.png */,
			);
			name = Images;
			sourceTree = "<group>";
		};
		21B9C5681576B745000DFFAF /* SSPullToRefresh */ = {
			isa = PBXGroup;
			children = (
				21B9C5691576B745000DFFAF /* LICENSE */,
				21B9C56A1576B745000DFFAF /* Readme.markdown */,
				21B9C56B1576B745000DFFAF /* SSPullToRefresh.h */,
				21B9C56C1576B745000DFFAF /* SSPullToRefresh.podspec */,
				21B9C56D1576B745000DFFAF /* SSPullToRefreshDefaultContentView.h */,
				21B9C56E1576B745000DFFAF /* SSPullToRefreshDefaultContentView.m */,
				21B9C56F1576B745000DFFAF /* SSPullToRefreshSimpleContentView.h */,
				21B9C5701576B745000DFFAF /* SSPullToRefreshSimpleContentView.m */,
				21B9C5711576B745000DFFAF /* SSPullToRefreshView.h */,
				21B9C5721576B745000DFFAF /* SSPullToRefreshView.m */,
			);
			name = SSPullToRefresh;
			path = "samsoffes-sspulltorefresh-42d4d63";
			sourceTree = "<group>";
		};
		21B9C57B1577B21B000DFFAF /* Forms */ = {
			isa = PBXGroup;
			children = (
				21B9C54C1576A486000DFFAF /* SNFormsViewController.h */,
				21B9C54D1576A486000DFFAF /* SNFormsViewController.m */,
				21B9C54E1576A486000DFFAF /* SNFormsViewController.xib */,
				21534851157E4D72003C9B2F /* SNFormViewController.h */,
				21534852157E4D72003C9B2F /* SNFormViewController.m */,
				21534853157E4D72003C9B2F /* SNFormViewController.xib */,
				21534856157E78AE003C9B2F /* SNFormSectionViewController.h */,
				21534857157E78AE003C9B2F /* SNFormSectionViewController.m */,
				21534858157E78AE003C9B2F /* SNFormSectionViewController.xib */,
			);
			name = Forms;
			sourceTree = "<group>";
		};
		21B9C57C1577B221000DFFAF /* Choice Lists */ = {
			isa = PBXGroup;
			children = (
				21B9C55B1576A8D5000DFFAF /* SNChoiceListsViewController.h */,
				21B9C55C1576A8D5000DFFAF /* SNChoiceListsViewController.m */,
				21B9C55D1576A8D5000DFFAF /* SNChoiceListsViewController.xib */,
				21B9C57E1577B264000DFFAF /* SNChoiceListEditViewController.h */,
				21B9C57F1577B264000DFFAF /* SNChoiceListEditViewController.m */,
				21B9C5801577B264000DFFAF /* SNChoiceListEditViewController.xib */,
				21B9C583157803AA000DFFAF /* SNChoiceListItemViewController.h */,
				21B9C584157803AA000DFFAF /* SNChoiceListItemViewController.m */,
				21B9C585157803AA000DFFAF /* SNChoiceListItemViewController.xib */,
			);
			name = "Choice Lists";
			sourceTree = "<group>";
		};
		21B9C57D1577B228000DFFAF /* Classification Sets */ = {
			isa = PBXGroup;
			children = (
				21B9C5561576A8C8000DFFAF /* SNClassificationSetsViewController.h */,
				21B9C5571576A8C8000DFFAF /* SNClassificationSetsViewController.m */,
				21B9C5581576A8C8000DFFAF /* SNClassificationSetsViewController.xib */,
				21534834157944C9003C9B2F /* SNClassificationSetEditViewController.h */,
				21534835157944C9003C9B2F /* SNClassificationSetEditViewController.m */,
				21534836157944C9003C9B2F /* SNClassificationSetEditViewController.xib */,
				2153483A157CF5D8003C9B2F /* SNClassificationSetItemEditViewController.h */,
				2153483B157CF5D8003C9B2F /* SNClassificationSetItemEditViewController.m */,
				2153483C157CF5D8003C9B2F /* SNClassificationSetItemEditViewController.xib */,
			);
			name = "Classification Sets";
			sourceTree = "<group>";
		};
		21F40956156FC9350012A1F1 = {
			isa = PBXGroup;
			children = (
				21B9C5791576BB9D000DFFAF /* README.md */,
				21B9C5681576B745000DFFAF /* SSPullToRefresh */,
				21F409A6156FC97A0012A1F1 /* AFNetworking */,
				21F4096B156FC9350012A1F1 /* FulcrumAPIDemo */,
				21F40995156FC9360012A1F1 /* FulcrumAPITestTests */,
				21F40964156FC9350012A1F1 /* Frameworks */,
				21F40962156FC9350012A1F1 /* Products */,
			);
			sourceTree = "<group>";
		};
		21F40962156FC9350012A1F1 /* Products */ = {
			isa = PBXGroup;
			children = (
				21F40961156FC9350012A1F1 /* FulcrumAPIDemo.app */,
				21F4098E156FC9360012A1F1 /* FulcrumAPIDemoTests.octest */,
			);
			name = Products;
			sourceTree = "<group>";
		};
		21F40964156FC9350012A1F1 /* Frameworks */ = {
			isa = PBXGroup;
			children = (
				21F40965156FC9350012A1F1 /* UIKit.framework */,
				21F40967156FC9350012A1F1 /* Foundation.framework */,
				21F40969156FC9350012A1F1 /* CoreGraphics.framework */,
				21F4098F156FC9360012A1F1 /* SenTestingKit.framework */,
			);
			name = Frameworks;
			sourceTree = "<group>";
		};
		21F4096B156FC9350012A1F1 /* FulcrumAPIDemo */ = {
			isa = PBXGroup;
			children = (
				21F409D0156FCC4D0012A1F1 /* FulcrumAPIClient */,
				21B9C54B1576A46F000DFFAF /* View Controllers */,
				21F40974156FC9350012A1F1 /* SNAppDelegate.h */,
				21F40975156FC9350012A1F1 /* SNAppDelegate.m */,
				21F40977156FC9350012A1F1 /* SNMasterViewController.h */,
				21F40978156FC9350012A1F1 /* SNMasterViewController.m */,
				21F4097A156FC9350012A1F1 /* SNDetailViewController.h */,
				21F4097B156FC9350012A1F1 /* SNDetailViewController.m */,
				21F4097D156FC9350012A1F1 /* SNMasterViewController_iPhone.xib */,
				21F40980156FC9350012A1F1 /* SNMasterViewController_iPad.xib */,
				21F40983156FC9350012A1F1 /* SNDetailViewController_iPhone.xib */,
				21F40986156FC9350012A1F1 /* SNDetailViewController_iPad.xib */,
				21F4096C156FC9350012A1F1 /* Supporting Files */,
			);
			name = FulcrumAPIDemo;
			path = FulcrumAPITest;
			sourceTree = "<group>";
		};
		21F4096C156FC9350012A1F1 /* Supporting Files */ = {
			isa = PBXGroup;
			children = (
				21F4096D156FC9350012A1F1 /* FulcrumAPIDemo-Info.plist */,
				21F4096E156FC9350012A1F1 /* InfoPlist.strings */,
				21F40971156FC9350012A1F1 /* main.m */,
				21F40973156FC9350012A1F1 /* FulcrumAPIDemo-Prefix.pch */,
			);
			name = "Supporting Files";
			sourceTree = "<group>";
		};
		21F40995156FC9360012A1F1 /* FulcrumAPITestTests */ = {
			isa = PBXGroup;
			children = (
				21F4099B156FC9360012A1F1 /* FulcrumAPITestTests.h */,
				21F4099C156FC9360012A1F1 /* FulcrumAPITestTests.m */,
				21F40996156FC9360012A1F1 /* Supporting Files */,
			);
			path = FulcrumAPITestTests;
			sourceTree = "<group>";
		};
		21F40996156FC9360012A1F1 /* Supporting Files */ = {
			isa = PBXGroup;
			children = (
				21F40997156FC9360012A1F1 /* FulcrumAPIDemoTests-Info.plist */,
				21F40998156FC9360012A1F1 /* InfoPlist.strings */,
			);
			name = "Supporting Files";
			sourceTree = "<group>";
		};
		21F409A6156FC97A0012A1F1 /* AFNetworking */ = {
			isa = PBXGroup;
			children = (
				21F409A7156FC97A0012A1F1 /* AFHTTPClient.h */,
				21F409A8156FC97A0012A1F1 /* AFHTTPClient.m */,
				21F409A9156FC97A0012A1F1 /* AFHTTPRequestOperation.h */,
				21F409AA156FC97A0012A1F1 /* AFHTTPRequestOperation.m */,
				21F409AB156FC97A0012A1F1 /* AFImageRequestOperation.h */,
				21F409AC156FC97A0012A1F1 /* AFImageRequestOperation.m */,
				21F409AD156FC97A0012A1F1 /* AFJSONRequestOperation.h */,
				21F409AE156FC97A0012A1F1 /* AFJSONRequestOperation.m */,
				21F409AF156FC97A0012A1F1 /* AFJSONUtilities.h */,
				21F409B0156FC97A0012A1F1 /* AFJSONUtilities.m */,
				21F409B1156FC97A0012A1F1 /* AFNetworkActivityIndicatorManager.h */,
				21F409B2156FC97A0012A1F1 /* AFNetworkActivityIndicatorManager.m */,
				21F409B3156FC97A0012A1F1 /* AFNetworking.h */,
				21F409B4156FC97A0012A1F1 /* AFPropertyListRequestOperation.h */,
				21F409B5156FC97A0012A1F1 /* AFPropertyListRequestOperation.m */,
				21F409B6156FC97A0012A1F1 /* AFURLConnectionOperation.h */,
				21F409B7156FC97A0012A1F1 /* AFURLConnectionOperation.m */,
				21F409B8156FC97A0012A1F1 /* AFXMLRequestOperation.h */,
				21F409B9156FC97A0012A1F1 /* AFXMLRequestOperation.m */,
				21F409BA156FC97A0012A1F1 /* UIImageView+AFNetworking.h */,
				21F409BB156FC97A0012A1F1 /* UIImageView+AFNetworking.m */,
			);
			path = AFNetworking;
			sourceTree = "<group>";
		};
		21F409D0156FCC4D0012A1F1 /* FulcrumAPIClient */ = {
			isa = PBXGroup;
			children = (
				21B9C54115765B22000DFFAF /* API */,
				21F409DD156FD9F90012A1F1 /* Model */,
			);
			name = FulcrumAPIClient;
			sourceTree = "<group>";
		};
		21F409DD156FD9F90012A1F1 /* Model */ = {
			isa = PBXGroup;
			children = (
				21B9C5341575723F000DFFAF /* Records */,
				21B9C53315757237000DFFAF /* Choice Lists */,
				21B9C53215757217000DFFAF /* Classification Sets */,
				21B9C52D15757160000DFFAF /* Forms */,
			);
			name = Model;
			sourceTree = "<group>";
		};
/* End PBXGroup section */

/* Begin PBXNativeTarget section */
		21F40960156FC9350012A1F1 /* FulcrumAPIDemo */ = {
			isa = PBXNativeTarget;
			buildConfigurationList = 21F409A0156FC9360012A1F1 /* Build configuration list for PBXNativeTarget "FulcrumAPIDemo" */;
			buildPhases = (
				21F4095D156FC9350012A1F1 /* Sources */,
				21F4095E156FC9350012A1F1 /* Frameworks */,
				21F4095F156FC9350012A1F1 /* Resources */,
			);
			buildRules = (
			);
			dependencies = (
			);
			name = FulcrumAPIDemo;
			productName = FulcrumAPITest;
			productReference = 21F40961156FC9350012A1F1 /* FulcrumAPIDemo.app */;
			productType = "com.apple.product-type.application";
		};
		21F4098D156FC9360012A1F1 /* FulcrumAPIDemoTests */ = {
			isa = PBXNativeTarget;
			buildConfigurationList = 21F409A3156FC9360012A1F1 /* Build configuration list for PBXNativeTarget "FulcrumAPIDemoTests" */;
			buildPhases = (
				21F40989156FC9360012A1F1 /* Sources */,
				21F4098A156FC9360012A1F1 /* Frameworks */,
				21F4098B156FC9360012A1F1 /* Resources */,
				21F4098C156FC9360012A1F1 /* ShellScript */,
			);
			buildRules = (
			);
			dependencies = (
				21F40994156FC9360012A1F1 /* PBXTargetDependency */,
			);
			name = FulcrumAPIDemoTests;
			productName = FulcrumAPITestTests;
			productReference = 21F4098E156FC9360012A1F1 /* FulcrumAPIDemoTests.octest */;
			productType = "com.apple.product-type.bundle";
		};
/* End PBXNativeTarget section */

/* Begin PBXProject section */
		21F40958156FC9350012A1F1 /* Project object */ = {
			isa = PBXProject;
			attributes = {
				CLASSPREFIX = SN;
				LastUpgradeCheck = 0430;
			};
			buildConfigurationList = 21F4095B156FC9350012A1F1 /* Build configuration list for PBXProject "FulcrumAPIDemo" */;
			compatibilityVersion = "Xcode 3.2";
			developmentRegion = English;
			hasScannedForEncodings = 0;
			knownRegions = (
				en,
			);
			mainGroup = 21F40956156FC9350012A1F1;
			productRefGroup = 21F40962156FC9350012A1F1 /* Products */;
			projectDirPath = "";
			projectRoot = "";
			targets = (
				21F40960156FC9350012A1F1 /* FulcrumAPIDemo */,
				21F4098D156FC9360012A1F1 /* FulcrumAPIDemoTests */,
			);
		};
/* End PBXProject section */

/* Begin PBXResourcesBuildPhase section */
		21F4095F156FC9350012A1F1 /* Resources */ = {
			isa = PBXResourcesBuildPhase;
			buildActionMask = 2147483647;
			files = (
				21F40970156FC9350012A1F1 /* InfoPlist.strings in Resources */,
				21F4097F156FC9350012A1F1 /* SNMasterViewController_iPhone.xib in Resources */,
				21F40982156FC9350012A1F1 /* SNMasterViewController_iPad.xib in Resources */,
				21F40985156FC9350012A1F1 /* SNDetailViewController_iPhone.xib in Resources */,
				21F40988156FC9350012A1F1 /* SNDetailViewController_iPad.xib in Resources */,
				21B9C5501576A486000DFFAF /* SNFormsViewController.xib in Resources */,
				21B9C5531576A74D000DFFAF /* 255-box.png in Resources */,
				21B9C5541576A74D000DFFAF /* 255-box@2x.png in Resources */,
				21B9C55A1576A8C8000DFFAF /* SNClassificationSetsViewController.xib in Resources */,
				21B9C55F1576A8D5000DFFAF /* SNChoiceListsViewController.xib in Resources */,
				21B9C5621576AA58000DFFAF /* 259-list.png in Resources */,
				21B9C5631576AA58000DFFAF /* 259-list@2x.png in Resources */,
				21B9C5661576AAC8000DFFAF /* 15-tags.png in Resources */,
				21B9C5671576AAC8000DFFAF /* 15-tags@2x.png in Resources */,
				21B9C5731576B745000DFFAF /* LICENSE in Resources */,
				21B9C5741576B745000DFFAF /* Readme.markdown in Resources */,
				21B9C5751576B745000DFFAF /* SSPullToRefresh.podspec in Resources */,
				21B9C57A1576BB9D000DFFAF /* README.md in Resources */,
				21B9C5821577B264000DFFAF /* SNChoiceListEditViewController.xib in Resources */,
				21B9C587157803AB000DFFAF /* SNChoiceListItemViewController.xib in Resources */,
				21534838157944C9003C9B2F /* SNClassificationSetEditViewController.xib in Resources */,
				2153483E157CF5D8003C9B2F /* SNClassificationSetItemEditViewController.xib in Resources */,
				21534855157E4D72003C9B2F /* SNFormViewController.xib in Resources */,
				2153485A157E78AE003C9B2F /* SNFormSectionViewController.xib in Resources */,
			);
			runOnlyForDeploymentPostprocessing = 0;
		};
		21F4098B156FC9360012A1F1 /* Resources */ = {
			isa = PBXResourcesBuildPhase;
			buildActionMask = 2147483647;
			files = (
				21F4099A156FC9360012A1F1 /* InfoPlist.strings in Resources */,
			);
			runOnlyForDeploymentPostprocessing = 0;
		};
/* End PBXResourcesBuildPhase section */

/* Begin PBXShellScriptBuildPhase section */
		21F4098C156FC9360012A1F1 /* ShellScript */ = {
			isa = PBXShellScriptBuildPhase;
			buildActionMask = 2147483647;
			files = (
			);
			inputPaths = (
			);
			outputPaths = (
			);
			runOnlyForDeploymentPostprocessing = 0;
			shellPath = /bin/sh;
			shellScript = "# Run the unit tests in this test bundle.\n\"${SYSTEM_DEVELOPER_DIR}/Tools/RunUnitTests\"\n";
		};
/* End PBXShellScriptBuildPhase section */

/* Begin PBXSourcesBuildPhase section */
		21F4095D156FC9350012A1F1 /* Sources */ = {
			isa = PBXSourcesBuildPhase;
			buildActionMask = 2147483647;
			files = (
				21F40972156FC9350012A1F1 /* main.m in Sources */,
				21F40976156FC9350012A1F1 /* SNAppDelegate.m in Sources */,
				21F40979156FC9350012A1F1 /* SNMasterViewController.m in Sources */,
				21F4097C156FC9350012A1F1 /* SNDetailViewController.m in Sources */,
				21F409BC156FC97A0012A1F1 /* AFHTTPClient.m in Sources */,
				21F409BE156FC97A0012A1F1 /* AFHTTPRequestOperation.m in Sources */,
				21F409C0156FC97A0012A1F1 /* AFImageRequestOperation.m in Sources */,
				21F409C2156FC97A0012A1F1 /* AFJSONRequestOperation.m in Sources */,
				21F409C4156FC97A0012A1F1 /* AFJSONUtilities.m in Sources */,
				21F409C6156FC97A0012A1F1 /* AFNetworkActivityIndicatorManager.m in Sources */,
				21F409C8156FC97A0012A1F1 /* AFPropertyListRequestOperation.m in Sources */,
				21F409CA156FC97A0012A1F1 /* AFURLConnectionOperation.m in Sources */,
				21F409CC156FC97A0012A1F1 /* AFXMLRequestOperation.m in Sources */,
				21F409CE156FC97A0012A1F1 /* UIImageView+AFNetworking.m in Sources */,
				21F409D3156FCC6D0012A1F1 /* SNFulcrumAPIClient.m in Sources */,
				21F409D7156FD3160012A1F1 /* SNFormAPI.m in Sources */,
				21F409DB156FD8730012A1F1 /* SNForm.m in Sources */,
				21F409F215702C6F0012A1F1 /* SNFormElement.m in Sources */,
				21F409F61570391B0012A1F1 /* SNFormSectionElement.m in Sources */,
				21F409FA1575411A0012A1F1 /* SNFormTextFieldElement.m in Sources */,
				2134F8131575631F001D71B1 /* SNFormPhotoFieldElement.m in Sources */,
				2134F81715756356001D71B1 /* SNFormChoiceFieldElement.m in Sources */,
				21B9C531157571A6000DFFAF /* SNFormClassificationFieldElement.m in Sources */,
				21B9C53715757277000DFFAF /* SNClassificationSet.m in Sources */,
				21B9C53A157575DE000DFFAF /* SNClassificationSetItem.m in Sources */,
				21B9C53D15757F32000DFFAF /* SNChoiceList.m in Sources */,
				21B9C54015758079000DFFAF /* SNChoiceListItem.m in Sources */,
				21B9C54415765BC2000DFFAF /* SNClassificationSetAPI.m in Sources */,
				21B9C54715765BCE000DFFAF /* SNChoiceListAPI.m in Sources */,
				21B9C54F1576A486000DFFAF /* SNFormsViewController.m in Sources */,
				21B9C5591576A8C8000DFFAF /* SNClassificationSetsViewController.m in Sources */,
				21B9C55E1576A8D5000DFFAF /* SNChoiceListsViewController.m in Sources */,
				21B9C5761576B745000DFFAF /* SSPullToRefreshDefaultContentView.m in Sources */,
				21B9C5771576B745000DFFAF /* SSPullToRefreshSimpleContentView.m in Sources */,
				21B9C5781576B745000DFFAF /* SSPullToRefreshView.m in Sources */,
				21B9C5811577B264000DFFAF /* SNChoiceListEditViewController.m in Sources */,
				21B9C586157803AA000DFFAF /* SNChoiceListItemViewController.m in Sources */,
				21534837157944C9003C9B2F /* SNClassificationSetEditViewController.m in Sources */,
				2153483D157CF5D8003C9B2F /* SNClassificationSetItemEditViewController.m in Sources */,
				21534854157E4D72003C9B2F /* SNFormViewController.m in Sources */,
				21534859157E78AE003C9B2F /* SNFormSectionViewController.m in Sources */,
			);
			runOnlyForDeploymentPostprocessing = 0;
		};
		21F40989156FC9360012A1F1 /* Sources */ = {
			isa = PBXSourcesBuildPhase;
			buildActionMask = 2147483647;
			files = (
				21F4099D156FC9360012A1F1 /* FulcrumAPITestTests.m in Sources */,
				21F409BD156FC97A0012A1F1 /* AFHTTPClient.m in Sources */,
				21F409BF156FC97A0012A1F1 /* AFHTTPRequestOperation.m in Sources */,
				21F409C1156FC97A0012A1F1 /* AFImageRequestOperation.m in Sources */,
				21F409C3156FC97A0012A1F1 /* AFJSONRequestOperation.m in Sources */,
				21F409C5156FC97A0012A1F1 /* AFJSONUtilities.m in Sources */,
				21F409C7156FC97A0012A1F1 /* AFNetworkActivityIndicatorManager.m in Sources */,
				21F409C9156FC97A0012A1F1 /* AFPropertyListRequestOperation.m in Sources */,
				21F409CB156FC97A0012A1F1 /* AFURLConnectionOperation.m in Sources */,
				21F409CD156FC97A0012A1F1 /* AFXMLRequestOperation.m in Sources */,
				21F409CF156FC97A0012A1F1 /* UIImageView+AFNetworking.m in Sources */,
				21F409D4156FCC6D0012A1F1 /* SNFulcrumAPIClient.m in Sources */,
				21F409D8156FD3160012A1F1 /* SNFormAPI.m in Sources */,
				21F409DC156FD8730012A1F1 /* SNForm.m in Sources */,
				21F409F315702C6F0012A1F1 /* SNFormElement.m in Sources */,
				21F409F71570391B0012A1F1 /* SNFormSectionElement.m in Sources */,
				21F409FB1575411A0012A1F1 /* SNFormTextFieldElement.m in Sources */,
			);
			runOnlyForDeploymentPostprocessing = 0;
		};
/* End PBXSourcesBuildPhase section */

/* Begin PBXTargetDependency section */
		21F40994156FC9360012A1F1 /* PBXTargetDependency */ = {
			isa = PBXTargetDependency;
			target = 21F40960156FC9350012A1F1 /* FulcrumAPIDemo */;
			targetProxy = 21F40993156FC9360012A1F1 /* PBXContainerItemProxy */;
		};
/* End PBXTargetDependency section */

/* Begin PBXVariantGroup section */
		21F4096E156FC9350012A1F1 /* InfoPlist.strings */ = {
			isa = PBXVariantGroup;
			children = (
				21F4096F156FC9350012A1F1 /* en */,
			);
			name = InfoPlist.strings;
			sourceTree = "<group>";
		};
		21F4097D156FC9350012A1F1 /* SNMasterViewController_iPhone.xib */ = {
			isa = PBXVariantGroup;
			children = (
				21F4097E156FC9350012A1F1 /* en */,
			);
			name = SNMasterViewController_iPhone.xib;
			sourceTree = "<group>";
		};
		21F40980156FC9350012A1F1 /* SNMasterViewController_iPad.xib */ = {
			isa = PBXVariantGroup;
			children = (
				21F40981156FC9350012A1F1 /* en */,
			);
			name = SNMasterViewController_iPad.xib;
			sourceTree = "<group>";
		};
		21F40983156FC9350012A1F1 /* SNDetailViewController_iPhone.xib */ = {
			isa = PBXVariantGroup;
			children = (
				21F40984156FC9350012A1F1 /* en */,
			);
			name = SNDetailViewController_iPhone.xib;
			sourceTree = "<group>";
		};
		21F40986156FC9350012A1F1 /* SNDetailViewController_iPad.xib */ = {
			isa = PBXVariantGroup;
			children = (
				21F40987156FC9350012A1F1 /* en */,
			);
			name = SNDetailViewController_iPad.xib;
			sourceTree = "<group>";
		};
		21F40998156FC9360012A1F1 /* InfoPlist.strings */ = {
			isa = PBXVariantGroup;
			children = (
				21F40999156FC9360012A1F1 /* en */,
			);
			name = InfoPlist.strings;
			sourceTree = "<group>";
		};
/* End PBXVariantGroup section */

/* Begin XCBuildConfiguration section */
		21F4099E156FC9360012A1F1 /* Debug */ = {
			isa = XCBuildConfiguration;
			buildSettings = {
				ALWAYS_SEARCH_USER_PATHS = NO;
				ARCHS = "$(ARCHS_STANDARD_32_BIT)";
				"CODE_SIGN_IDENTITY[sdk=iphoneos*]" = "iPhone Developer";
				COPY_PHASE_STRIP = NO;
				GCC_C_LANGUAGE_STANDARD = gnu99;
				GCC_DYNAMIC_NO_PIC = NO;
				GCC_OPTIMIZATION_LEVEL = 0;
				GCC_PREPROCESSOR_DEFINITIONS = (
					"DEBUG=1",
					"$(inherited)",
				);
				GCC_SYMBOLS_PRIVATE_EXTERN = NO;
				GCC_VERSION = com.apple.compilers.llvm.clang.1_0;
				GCC_WARN_ABOUT_RETURN_TYPE = YES;
				GCC_WARN_UNINITIALIZED_AUTOS = YES;
				GCC_WARN_UNUSED_VARIABLE = YES;
				IPHONEOS_DEPLOYMENT_TARGET = 5.1;
				SDKROOT = iphoneos;
				TARGETED_DEVICE_FAMILY = "1,2";
			};
			name = Debug;
		};
		21F4099F156FC9360012A1F1 /* Release */ = {
			isa = XCBuildConfiguration;
			buildSettings = {
				ALWAYS_SEARCH_USER_PATHS = NO;
				ARCHS = "$(ARCHS_STANDARD_32_BIT)";
				"CODE_SIGN_IDENTITY[sdk=iphoneos*]" = "iPhone Developer";
				COPY_PHASE_STRIP = YES;
				GCC_C_LANGUAGE_STANDARD = gnu99;
				GCC_VERSION = com.apple.compilers.llvm.clang.1_0;
				GCC_WARN_ABOUT_RETURN_TYPE = YES;
				GCC_WARN_UNINITIALIZED_AUTOS = YES;
				GCC_WARN_UNUSED_VARIABLE = YES;
				IPHONEOS_DEPLOYMENT_TARGET = 5.1;
				OTHER_CFLAGS = "-DNS_BLOCK_ASSERTIONS=1";
				SDKROOT = iphoneos;
				TARGETED_DEVICE_FAMILY = "1,2";
				VALIDATE_PRODUCT = YES;
			};
			name = Release;
		};
		21F409A1156FC9360012A1F1 /* Debug */ = {
			isa = XCBuildConfiguration;
			buildSettings = {
				GCC_PRECOMPILE_PREFIX_HEADER = YES;
				GCC_PREFIX_HEADER = "FulcrumAPITest/FulcrumAPIDemo-Prefix.pch";
				INFOPLIST_FILE = "FulcrumAPITest/FulcrumAPIDemo-Info.plist";
				PRODUCT_NAME = FulcrumAPIDemo;
				WRAPPER_EXTENSION = app;
			};
			name = Debug;
		};
		21F409A2156FC9360012A1F1 /* Release */ = {
			isa = XCBuildConfiguration;
			buildSettings = {
				GCC_PRECOMPILE_PREFIX_HEADER = YES;
				GCC_PREFIX_HEADER = "FulcrumAPITest/FulcrumAPIDemo-Prefix.pch";
				INFOPLIST_FILE = "FulcrumAPITest/FulcrumAPIDemo-Info.plist";
				PRODUCT_NAME = FulcrumAPIDemo;
				WRAPPER_EXTENSION = app;
			};
			name = Release;
		};
		21F409A4156FC9360012A1F1 /* Debug */ = {
			isa = XCBuildConfiguration;
			buildSettings = {
				BUNDLE_LOADER = "$(BUILT_PRODUCTS_DIR)/FulcrumAPITest.app/FulcrumAPITest";
				FRAMEWORK_SEARCH_PATHS = (
					"$(SDKROOT)/Developer/Library/Frameworks",
					"$(DEVELOPER_LIBRARY_DIR)/Frameworks",
				);
				GCC_PRECOMPILE_PREFIX_HEADER = YES;
				GCC_PREFIX_HEADER = "FulcrumAPITest/FulcrumAPITest-Prefix.pch";
				INFOPLIST_FILE = "FulcrumAPITestTests/FulcrumAPIDemoTests-Info.plist";
				PRODUCT_NAME = FulcrumAPIDemoTests;
				TEST_HOST = "$(BUNDLE_LOADER)";
				WRAPPER_EXTENSION = octest;
			};
			name = Debug;
		};
		21F409A5156FC9360012A1F1 /* Release */ = {
			isa = XCBuildConfiguration;
			buildSettings = {
				BUNDLE_LOADER = "$(BUILT_PRODUCTS_DIR)/FulcrumAPITest.app/FulcrumAPITest";
				FRAMEWORK_SEARCH_PATHS = (
					"$(SDKROOT)/Developer/Library/Frameworks",
					"$(DEVELOPER_LIBRARY_DIR)/Frameworks",
				);
				GCC_PRECOMPILE_PREFIX_HEADER = YES;
				GCC_PREFIX_HEADER = "FulcrumAPITest/FulcrumAPITest-Prefix.pch";
				INFOPLIST_FILE = "FulcrumAPITestTests/FulcrumAPIDemoTests-Info.plist";
				PRODUCT_NAME = FulcrumAPIDemoTests;
				TEST_HOST = "$(BUNDLE_LOADER)";
				WRAPPER_EXTENSION = octest;
			};
			name = Release;
		};
/* End XCBuildConfiguration section */

/* Begin XCConfigurationList section */
		21F4095B156FC9350012A1F1 /* Build configuration list for PBXProject "FulcrumAPIDemo" */ = {
			isa = XCConfigurationList;
			buildConfigurations = (
				21F4099E156FC9360012A1F1 /* Debug */,
				21F4099F156FC9360012A1F1 /* Release */,
			);
			defaultConfigurationIsVisible = 0;
			defaultConfigurationName = Release;
		};
		21F409A0156FC9360012A1F1 /* Build configuration list for PBXNativeTarget "FulcrumAPIDemo" */ = {
			isa = XCConfigurationList;
			buildConfigurations = (
				21F409A1156FC9360012A1F1 /* Debug */,
				21F409A2156FC9360012A1F1 /* Release */,
			);
			defaultConfigurationIsVisible = 0;
			defaultConfigurationName = Release;
		};
		21F409A3156FC9360012A1F1 /* Build configuration list for PBXNativeTarget "FulcrumAPIDemoTests" */ = {
			isa = XCConfigurationList;
			buildConfigurations = (
				21F409A4156FC9360012A1F1 /* Debug */,
				21F409A5156FC9360012A1F1 /* Release */,
			);
			defaultConfigurationIsVisible = 0;
			defaultConfigurationName = Release;
		};
/* End XCConfigurationList section */
	};
	rootObject = 21F40958156FC9350012A1F1 /* Project object */;
}
